
Microsoft Visual Studio Solution File, Format Version 12.00
# Visual Studio Version 17
VisualStudioVersion = 17.14.36301.6 d17.14
MinimumVisualStudioVersion = 10.0.40219.1
Project("{8BC9CEB8-8B4A-11D0-8D11-00A0C91BC942}") = "test", "test\test.vcxproj", "{391BD019-0EE2-4A6C-8790-59B4DF832EFE}"
EndProject
Global
	GlobalSection(SolutionConfigurationPlatforms) = preSolution
		Debug|x64 = Debug|x64
		Debug|x86 = Debug|x86
		Release|x64 = Release|x64
		Release|x86 = Release|x86
	EndGlobalSection
	GlobalSection(ProjectConfigurationPlatforms) = postSolution
		{391BD019-0EE2-4A6C-8790-59B4DF832EFE}.Debug|x64.ActiveCfg = Debug|x64
		{391BD019-0EE2-4A6C-8790-59B4DF832EFE}.Debug|x64.Build.0 = Debug|x64
		{391BD019-0EE2-4A6C-8790-59B4DF832EFE}.Debug|x86.ActiveCfg = Debug|Win32
		{391BD019-0EE2-4A6C-8790-59B4DF832EFE}.Debug|x86.Build.0 = Debug|Win32
		{391BD019-0EE2-4A6C-8790-59B4DF832EFE}.Release|x64.ActiveCfg = Release|x64
		{391BD019-0EE2-4A6C-8790-59B4DF832EFE}.Release|x64.Build.0 = Release|x64
		{391BD019-0EE2-4A6C-8790-59B4DF832EFE}.Release|x86.ActiveCfg = Release|Win32
		{391BD019-0EE2-4A6C-8790-59B4DF832EFE}.Release|x86.Build.0 = Release|Win32
	EndGlobalSection
	GlobalSection(SolutionProperties) = preSolution
		HideSolutionNode = FALSE
	EndGlobalSection
	GlobalSection(ExtensibilityGlobals) = postSolution
		SolutionGuid = {6CAB8334-CE0A-44EF-A285-5FF6DB981CD9}
	EndGlobalSection
EndGlobal
